
Microsoft Visual Studio Solution File, Format Version 12.00
# Visual Studio Version 16
VisualStudioVersion = 16.0.30717.126
MinimumVisualStudioVersion = 10.0.40219.1
Project("{FAE04EC0-301F-11D3-BF4B-00C04F79EFBC}") = "SistemaTroco", "SistemaTroco\SistemaTroco.csproj", "{C5FE5257-0A0F-451D-A736-E26B9C765291}"
EndProject
Project("{2150E333-8FDC-42A3-9474-1A3956D46DE8}") = ".nuget", ".nuget", "{3DA66E6C-B825-4994-B310-606170713C34}"
	ProjectSection(SolutionItems) = preProject
		.nuget\packages.config = .nuget\packages.config
	EndProjectSection
EndProject
Project("{FAE04EC0-301F-11D3-BF4B-00C04F79EFBC}") = "MapeamentoOR", "MapeamentoOR\MapeamentoOR.csproj", "{202BB0F8-FC24-4D81-9AD4-059C54ED8CC9}"
EndProject
Project("{FAE04EC0-301F-11D3-BF4B-00C04F79EFBC}") = "SistemaTroco.Utils", "SistemaTroco.Utils\SistemaTroco.Utils.csproj", "{7F6D8D04-5FCC-4F40-8B62-AA62C5A1023E}"
EndProject
Global
	GlobalSection(SolutionConfigurationPlatforms) = preSolution
		Debug|Any CPU = Debug|Any CPU
		Release|Any CPU = Release|Any CPU
	EndGlobalSection
	GlobalSection(ProjectConfigurationPlatforms) = postSolution
		{C5FE5257-0A0F-451D-A736-E26B9C765291}.Debug|Any CPU.ActiveCfg = Debug|Any CPU
		{C5FE5257-0A0F-451D-A736-E26B9C765291}.Debug|Any CPU.Build.0 = Debug|Any CPU
		{C5FE5257-0A0F-451D-A736-E26B9C765291}.Release|Any CPU.ActiveCfg = Release|Any CPU
		{C5FE5257-0A0F-451D-A736-E26B9C765291}.Release|Any CPU.Build.0 = Release|Any CPU
		{202BB0F8-FC24-4D81-9AD4-059C54ED8CC9}.Debug|Any CPU.ActiveCfg = Debug|Any CPU
		{202BB0F8-FC24-4D81-9AD4-059C54ED8CC9}.Debug|Any CPU.Build.0 = Debug|Any CPU
		{202BB0F8-FC24-4D81-9AD4-059C54ED8CC9}.Release|Any CPU.ActiveCfg = Release|Any CPU
		{202BB0F8-FC24-4D81-9AD4-059C54ED8CC9}.Release|Any CPU.Build.0 = Release|Any CPU
		{7F6D8D04-5FCC-4F40-8B62-AA62C5A1023E}.Debug|Any CPU.ActiveCfg = Debug|Any CPU
		{7F6D8D04-5FCC-4F40-8B62-AA62C5A1023E}.Debug|Any CPU.Build.0 = Debug|Any CPU
		{7F6D8D04-5FCC-4F40-8B62-AA62C5A1023E}.Release|Any CPU.ActiveCfg = Release|Any CPU
		{7F6D8D04-5FCC-4F40-8B62-AA62C5A1023E}.Release|Any CPU.Build.0 = Release|Any CPU
	EndGlobalSection
	GlobalSection(SolutionProperties) = preSolution
		HideSolutionNode = FALSE
	EndGlobalSection
	GlobalSection(ExtensibilityGlobals) = postSolution
		SolutionGuid = {7391B0E6-04A9-4BD8-B710-ECC2229172E8}
	EndGlobalSection
EndGlobal
